
Microsoft Visual Studio Solution File, Format Version 12.00
# Visual Studio 15
VisualStudioVersion = 15.0.27130.2027
MinimumVisualStudioVersion = 10.0.40219.1
Project("{2150E333-8FDC-42A3-9474-1A3956D46DE8}") = "assemblies", "assemblies", "{137BA9C2-AB42-4EE8-AF85-F0D2B6A09005}"
EndProject
Project("{2150E333-8FDC-42A3-9474-1A3956D46DE8}") = "logic", "logic", "{968359FD-E8AC-4BB6-855D-BCD3F78EA9FA}"
EndProject
Project("{FAE04EC0-301F-11D3-BF4B-00C04F79EFBC}") = "CommonLogic", "assemblies\logic\CommonLogic\CommonLogic.csproj", "{D6731AE6-8D18-4889-9B1D-40CC28CCD273}"
EndProject
Project("{2150E333-8FDC-42A3-9474-1A3956D46DE8}") = "tests", "tests", "{818DD658-EF38-4EC9-9192-000D58FFA287}"
EndProject
Project("{FAE04EC0-301F-11D3-BF4B-00C04F79EFBC}") = "CommonLogic.UnitTests", "tests\CommonLogic.UnitTests\CommonLogic.UnitTests.csproj", "{5B1E2817-9463-48C5-B083-94CB89161EA3}"
EndProject
Project("{FAE04EC0-301F-11D3-BF4B-00C04F79EFBC}") = "Base.UnitTests", "tests\Base.UnitTests\Base.UnitTests.csproj", "{ADB942CB-8FF7-4E8D-8ADF-AD621EE0C59E}"
EndProject
Project("{FAE04EC0-301F-11D3-BF4B-00C04F79EFBC}") = "IntegrationTests", "tests\IntegrationTests\IntegrationTests.csproj", "{B0F4B692-8515-47CC-817F-84506F959AFC}"
EndProject
Project("{2150E333-8FDC-42A3-9474-1A3956D46DE8}") = "UI", "UI", "{A0800D9E-08F4-49B6-B6FB-E2E295EDB0D2}"
EndProject
Project("{2150E333-8FDC-42A3-9474-1A3956D46DE8}") = "WPF", "WPF", "{D6BB19F6-A793-4564-9283-355E0D6B6DD1}"
EndProject
Project("{FAE04EC0-301F-11D3-BF4B-00C04F79EFBC}") = "UILogic.Common", "assemblies\UI\WPF\UILogic.Common\UILogic.Common.csproj", "{F2ADF165-2AFF-4C75-96AA-937ED014E1F6}"
EndProject
Project("{FAE04EC0-301F-11D3-BF4B-00C04F79EFBC}") = "FuzzyPortfolioManagment.Client", "assemblies\UI\WPF\FuzzyPortfolioManagment.Client\FuzzyPortfolioManagment.Client.csproj", "{D9D31040-E02D-4A26-9C09-29012AF6E6C5}"
EndProject
Project("{FAE04EC0-301F-11D3-BF4B-00C04F79EFBC}") = "ProductionRuleSelectorAction", "assemblies\UI\WPF\Actions\ProductionRuleSelectorAction\ProductionRuleSelectorAction.csproj", "{944FDB03-657C-40D2-BF7E-7B0E3101317B}"
EndProject
Project("{2150E333-8FDC-42A3-9474-1A3956D46DE8}") = "Actions", "Actions", "{C868CF98-9AC6-4E3C-9512-77C073334368}"
EndProject
Project("{FAE04EC0-301F-11D3-BF4B-00C04F79EFBC}") = "ProductionRuleParser", "assemblies\logic\ProductionRuleParser\ProductionRuleParser.csproj", "{F56D71D5-F5D0-45B9-AFAE-BAB233229C23}"
EndProject
Project("{FAE04EC0-301F-11D3-BF4B-00C04F79EFBC}") = "ProductionRuleParser.UnitTests", "tests\ProductionRuleParser.UnitTests\ProductionRuleParser.UnitTests.csproj", "{0E197324-318D-498C-A9E3-61AE964FA0D5}"
EndProject
Project("{FAE04EC0-301F-11D3-BF4B-00C04F79EFBC}") = "LinguisticVariableParser.UnitTests", "tests\LinguisticVariableParser.UnitTests\LinguisticVariableParser.UnitTests.csproj", "{80E842B6-2B14-429F-97D5-29CB07EC276F}"
EndProject
Project("{FAE04EC0-301F-11D3-BF4B-00C04F79EFBC}") = "LinguisticVariableParser", "assemblies\logic\LinguisticVariableParser\LinguisticVariableParser.csproj", "{4BC3AC2D-84C7-4B9E-81FA-C01168FC72A1}"
EndProject
Project("{FAE04EC0-301F-11D3-BF4B-00C04F79EFBC}") = "KnowledgeManager.UnitTests", "tests\KnowledgeManager.UnitTests\KnowledgeManager.UnitTests.csproj", "{FBB4B0C3-C0CB-4E51-B4C9-5B35CE220F60}"
EndProject
Project("{FAE04EC0-301F-11D3-BF4B-00C04F79EFBC}") = "KnowledgeManager", "assemblies\logic\KnowledgeManager\KnowledgeManager.csproj", "{67D42C31-9FF5-47BD-B3EA-DC8AE79FB4DC}"
EndProject
Project("{FAE04EC0-301F-11D3-BF4B-00C04F79EFBC}") = "MembershipFunctionParser", "assemblies\logic\MembershipFunctionParser\MembershipFunctionParser.csproj", "{11CE082D-9AA8-4A49-BF2A-C4BFA577A50C}"
EndProject
Project("{FAE04EC0-301F-11D3-BF4B-00C04F79EFBC}") = "MembershipFunctionParser.UnitTests", "tests\MembershipFunctionParser.UnitTests\MembershipFunctionParser.UnitTests.csproj", "{7BF2C304-C1FB-4FFF-935B-A029D06163E9}"
EndProject
Project("{FAE04EC0-301F-11D3-BF4B-00C04F79EFBC}") = "InferenceEngine", "assemblies\logic\InferenceEngine\InferenceEngine.csproj", "{3947BBA1-CFD7-4408-8F48-8FCF255CD3AA}"
EndProject
Project("{FAE04EC0-301F-11D3-BF4B-00C04F79EFBC}") = "InferenceEngine.UnitTests", "tests\InferenceEngine.UnitTests\InferenceEngine.UnitTests.csproj", "{B4329D16-ABA5-495C-B3A4-6B8B25732849}"
EndProject
Project("{FAE04EC0-301F-11D3-BF4B-00C04F79EFBC}") = "FuzzificationEngine", "assemblies\logic\FuzzificationEngine\FuzzificationEngine.csproj", "{5CFB7C0E-4F21-4657-A26C-888B8679D2A6}"
EndProject
Project("{FAE04EC0-301F-11D3-BF4B-00C04F79EFBC}") = "FuzzificationEngine.UnitTests", "tests\FuzzificationEngine.UnitTests\FuzzificationEngine.UnitTests.csproj", "{7BE99EA0-6F2F-4BD5-8FBF-4F429341D7E5}"
EndProject
Project("{FAE04EC0-301F-11D3-BF4B-00C04F79EFBC}") = "DataProvider", "assemblies\logic\DataProvider\DataProvider.csproj", "{0564A426-5D14-434E-AB64-E1DB6D287256}"
EndProject
Project("{FAE04EC0-301F-11D3-BF4B-00C04F79EFBC}") = "DataProvider.UnitTests", "tests\DataProvider.UnitTests\DataProvider.UnitTests.csproj", "{D0F3D70F-1D8F-4224-B770-A3DEB42206CF}"
EndProject
Project("{FAE04EC0-301F-11D3-BF4B-00C04F79EFBC}") = "InferenceExpert", "assemblies\logic\InferenceExpert\InferenceExpert.csproj", "{50DC820E-A48B-4625-ACAB-7F93BFF87AF3}"
EndProject
Project("{FAE04EC0-301F-11D3-BF4B-00C04F79EFBC}") = "InferenceExpert.UnitTests", "tests\InferenceExpert.UnitTests\InferenceExpert.UnitTests.csproj", "{868B4BE9-98E0-4E9E-9C22-CCD817415B3F}"
EndProject
Global
	GlobalSection(SolutionConfigurationPlatforms) = preSolution
		Debug|Any CPU = Debug|Any CPU
		Release|Any CPU = Release|Any CPU
	EndGlobalSection
	GlobalSection(ProjectConfigurationPlatforms) = postSolution
		{D6731AE6-8D18-4889-9B1D-40CC28CCD273}.Debug|Any CPU.ActiveCfg = Debug|Any CPU
		{D6731AE6-8D18-4889-9B1D-40CC28CCD273}.Debug|Any CPU.Build.0 = Debug|Any CPU
		{D6731AE6-8D18-4889-9B1D-40CC28CCD273}.Release|Any CPU.ActiveCfg = Release|Any CPU
		{D6731AE6-8D18-4889-9B1D-40CC28CCD273}.Release|Any CPU.Build.0 = Release|Any CPU
		{5B1E2817-9463-48C5-B083-94CB89161EA3}.Debug|Any CPU.ActiveCfg = Debug|Any CPU
		{5B1E2817-9463-48C5-B083-94CB89161EA3}.Debug|Any CPU.Build.0 = Debug|Any CPU
		{5B1E2817-9463-48C5-B083-94CB89161EA3}.Release|Any CPU.ActiveCfg = Release|Any CPU
		{5B1E2817-9463-48C5-B083-94CB89161EA3}.Release|Any CPU.Build.0 = Release|Any CPU
		{ADB942CB-8FF7-4E8D-8ADF-AD621EE0C59E}.Debug|Any CPU.ActiveCfg = Debug|Any CPU
		{ADB942CB-8FF7-4E8D-8ADF-AD621EE0C59E}.Debug|Any CPU.Build.0 = Debug|Any CPU
		{ADB942CB-8FF7-4E8D-8ADF-AD621EE0C59E}.Release|Any CPU.ActiveCfg = Release|Any CPU
		{ADB942CB-8FF7-4E8D-8ADF-AD621EE0C59E}.Release|Any CPU.Build.0 = Release|Any CPU
		{B0F4B692-8515-47CC-817F-84506F959AFC}.Debug|Any CPU.ActiveCfg = Debug|Any CPU
		{B0F4B692-8515-47CC-817F-84506F959AFC}.Debug|Any CPU.Build.0 = Debug|Any CPU
		{B0F4B692-8515-47CC-817F-84506F959AFC}.Release|Any CPU.ActiveCfg = Release|Any CPU
		{B0F4B692-8515-47CC-817F-84506F959AFC}.Release|Any CPU.Build.0 = Release|Any CPU
		{F2ADF165-2AFF-4C75-96AA-937ED014E1F6}.Debug|Any CPU.ActiveCfg = Debug|Any CPU
		{F2ADF165-2AFF-4C75-96AA-937ED014E1F6}.Debug|Any CPU.Build.0 = Debug|Any CPU
		{F2ADF165-2AFF-4C75-96AA-937ED014E1F6}.Release|Any CPU.ActiveCfg = Release|Any CPU
		{F2ADF165-2AFF-4C75-96AA-937ED014E1F6}.Release|Any CPU.Build.0 = Release|Any CPU
		{D9D31040-E02D-4A26-9C09-29012AF6E6C5}.Debug|Any CPU.ActiveCfg = Debug|Any CPU
		{D9D31040-E02D-4A26-9C09-29012AF6E6C5}.Debug|Any CPU.Build.0 = Debug|Any CPU
		{D9D31040-E02D-4A26-9C09-29012AF6E6C5}.Release|Any CPU.ActiveCfg = Release|Any CPU
		{D9D31040-E02D-4A26-9C09-29012AF6E6C5}.Release|Any CPU.Build.0 = Release|Any CPU
		{944FDB03-657C-40D2-BF7E-7B0E3101317B}.Debug|Any CPU.ActiveCfg = Debug|Any CPU
		{944FDB03-657C-40D2-BF7E-7B0E3101317B}.Debug|Any CPU.Build.0 = Debug|Any CPU
		{944FDB03-657C-40D2-BF7E-7B0E3101317B}.Release|Any CPU.ActiveCfg = Release|Any CPU
		{944FDB03-657C-40D2-BF7E-7B0E3101317B}.Release|Any CPU.Build.0 = Release|Any CPU
		{F56D71D5-F5D0-45B9-AFAE-BAB233229C23}.Debug|Any CPU.ActiveCfg = Debug|Any CPU
		{F56D71D5-F5D0-45B9-AFAE-BAB233229C23}.Debug|Any CPU.Build.0 = Debug|Any CPU
		{F56D71D5-F5D0-45B9-AFAE-BAB233229C23}.Release|Any CPU.ActiveCfg = Release|Any CPU
		{F56D71D5-F5D0-45B9-AFAE-BAB233229C23}.Release|Any CPU.Build.0 = Release|Any CPU
		{0E197324-318D-498C-A9E3-61AE964FA0D5}.Debug|Any CPU.ActiveCfg = Debug|Any CPU
		{0E197324-318D-498C-A9E3-61AE964FA0D5}.Debug|Any CPU.Build.0 = Debug|Any CPU
		{0E197324-318D-498C-A9E3-61AE964FA0D5}.Release|Any CPU.ActiveCfg = Release|Any CPU
		{0E197324-318D-498C-A9E3-61AE964FA0D5}.Release|Any CPU.Build.0 = Release|Any CPU
		{80E842B6-2B14-429F-97D5-29CB07EC276F}.Debug|Any CPU.ActiveCfg = Debug|Any CPU
		{80E842B6-2B14-429F-97D5-29CB07EC276F}.Debug|Any CPU.Build.0 = Debug|Any CPU
		{80E842B6-2B14-429F-97D5-29CB07EC276F}.Release|Any CPU.ActiveCfg = Release|Any CPU
		{80E842B6-2B14-429F-97D5-29CB07EC276F}.Release|Any CPU.Build.0 = Release|Any CPU
		{4BC3AC2D-84C7-4B9E-81FA-C01168FC72A1}.Debug|Any CPU.ActiveCfg = Debug|Any CPU
		{4BC3AC2D-84C7-4B9E-81FA-C01168FC72A1}.Debug|Any CPU.Build.0 = Debug|Any CPU
		{4BC3AC2D-84C7-4B9E-81FA-C01168FC72A1}.Release|Any CPU.ActiveCfg = Release|Any CPU
		{4BC3AC2D-84C7-4B9E-81FA-C01168FC72A1}.Release|Any CPU.Build.0 = Release|Any CPU
		{FBB4B0C3-C0CB-4E51-B4C9-5B35CE220F60}.Debug|Any CPU.ActiveCfg = Debug|Any CPU
		{FBB4B0C3-C0CB-4E51-B4C9-5B35CE220F60}.Debug|Any CPU.Build.0 = Debug|Any CPU
		{FBB4B0C3-C0CB-4E51-B4C9-5B35CE220F60}.Release|Any CPU.ActiveCfg = Release|Any CPU
		{FBB4B0C3-C0CB-4E51-B4C9-5B35CE220F60}.Release|Any CPU.Build.0 = Release|Any CPU
		{67D42C31-9FF5-47BD-B3EA-DC8AE79FB4DC}.Debug|Any CPU.ActiveCfg = Debug|Any CPU
		{67D42C31-9FF5-47BD-B3EA-DC8AE79FB4DC}.Debug|Any CPU.Build.0 = Debug|Any CPU
		{67D42C31-9FF5-47BD-B3EA-DC8AE79FB4DC}.Release|Any CPU.ActiveCfg = Release|Any CPU
		{67D42C31-9FF5-47BD-B3EA-DC8AE79FB4DC}.Release|Any CPU.Build.0 = Release|Any CPU
		{11CE082D-9AA8-4A49-BF2A-C4BFA577A50C}.Debug|Any CPU.ActiveCfg = Debug|Any CPU
		{11CE082D-9AA8-4A49-BF2A-C4BFA577A50C}.Debug|Any CPU.Build.0 = Debug|Any CPU
		{11CE082D-9AA8-4A49-BF2A-C4BFA577A50C}.Release|Any CPU.ActiveCfg = Release|Any CPU
		{11CE082D-9AA8-4A49-BF2A-C4BFA577A50C}.Release|Any CPU.Build.0 = Release|Any CPU
		{7BF2C304-C1FB-4FFF-935B-A029D06163E9}.Debug|Any CPU.ActiveCfg = Debug|Any CPU
		{7BF2C304-C1FB-4FFF-935B-A029D06163E9}.Debug|Any CPU.Build.0 = Debug|Any CPU
		{7BF2C304-C1FB-4FFF-935B-A029D06163E9}.Release|Any CPU.ActiveCfg = Release|Any CPU
		{7BF2C304-C1FB-4FFF-935B-A029D06163E9}.Release|Any CPU.Build.0 = Release|Any CPU
		{3947BBA1-CFD7-4408-8F48-8FCF255CD3AA}.Debug|Any CPU.ActiveCfg = Debug|Any CPU
		{3947BBA1-CFD7-4408-8F48-8FCF255CD3AA}.Debug|Any CPU.Build.0 = Debug|Any CPU
		{3947BBA1-CFD7-4408-8F48-8FCF255CD3AA}.Release|Any CPU.ActiveCfg = Release|Any CPU
		{3947BBA1-CFD7-4408-8F48-8FCF255CD3AA}.Release|Any CPU.Build.0 = Release|Any CPU
		{B4329D16-ABA5-495C-B3A4-6B8B25732849}.Debug|Any CPU.ActiveCfg = Debug|Any CPU
		{B4329D16-ABA5-495C-B3A4-6B8B25732849}.Debug|Any CPU.Build.0 = Debug|Any CPU
		{B4329D16-ABA5-495C-B3A4-6B8B25732849}.Release|Any CPU.ActiveCfg = Release|Any CPU
		{B4329D16-ABA5-495C-B3A4-6B8B25732849}.Release|Any CPU.Build.0 = Release|Any CPU
		{5CFB7C0E-4F21-4657-A26C-888B8679D2A6}.Debug|Any CPU.ActiveCfg = Debug|Any CPU
		{5CFB7C0E-4F21-4657-A26C-888B8679D2A6}.Debug|Any CPU.Build.0 = Debug|Any CPU
		{5CFB7C0E-4F21-4657-A26C-888B8679D2A6}.Release|Any CPU.ActiveCfg = Release|Any CPU
		{5CFB7C0E-4F21-4657-A26C-888B8679D2A6}.Release|Any CPU.Build.0 = Release|Any CPU
		{7BE99EA0-6F2F-4BD5-8FBF-4F429341D7E5}.Debug|Any CPU.ActiveCfg = Debug|Any CPU
		{7BE99EA0-6F2F-4BD5-8FBF-4F429341D7E5}.Debug|Any CPU.Build.0 = Debug|Any CPU
		{7BE99EA0-6F2F-4BD5-8FBF-4F429341D7E5}.Release|Any CPU.ActiveCfg = Release|Any CPU
		{7BE99EA0-6F2F-4BD5-8FBF-4F429341D7E5}.Release|Any CPU.Build.0 = Release|Any CPU
		{0564A426-5D14-434E-AB64-E1DB6D287256}.Debug|Any CPU.ActiveCfg = Debug|Any CPU
		{0564A426-5D14-434E-AB64-E1DB6D287256}.Debug|Any CPU.Build.0 = Debug|Any CPU
		{0564A426-5D14-434E-AB64-E1DB6D287256}.Release|Any CPU.ActiveCfg = Release|Any CPU
		{0564A426-5D14-434E-AB64-E1DB6D287256}.Release|Any CPU.Build.0 = Release|Any CPU
		{D0F3D70F-1D8F-4224-B770-A3DEB42206CF}.Debug|Any CPU.ActiveCfg = Debug|Any CPU
		{D0F3D70F-1D8F-4224-B770-A3DEB42206CF}.Debug|Any CPU.Build.0 = Debug|Any CPU
		{D0F3D70F-1D8F-4224-B770-A3DEB42206CF}.Release|Any CPU.ActiveCfg = Release|Any CPU
		{D0F3D70F-1D8F-4224-B770-A3DEB42206CF}.Release|Any CPU.Build.0 = Release|Any CPU
		{50DC820E-A48B-4625-ACAB-7F93BFF87AF3}.Debug|Any CPU.ActiveCfg = Debug|Any CPU
		{50DC820E-A48B-4625-ACAB-7F93BFF87AF3}.Debug|Any CPU.Build.0 = Debug|Any CPU
		{50DC820E-A48B-4625-ACAB-7F93BFF87AF3}.Release|Any CPU.ActiveCfg = Release|Any CPU
		{50DC820E-A48B-4625-ACAB-7F93BFF87AF3}.Release|Any CPU.Build.0 = Release|Any CPU
		{868B4BE9-98E0-4E9E-9C22-CCD817415B3F}.Debug|Any CPU.ActiveCfg = Debug|Any CPU
		{868B4BE9-98E0-4E9E-9C22-CCD817415B3F}.Debug|Any CPU.Build.0 = Debug|Any CPU
		{868B4BE9-98E0-4E9E-9C22-CCD817415B3F}.Release|Any CPU.ActiveCfg = Release|Any CPU
		{868B4BE9-98E0-4E9E-9C22-CCD817415B3F}.Release|Any CPU.Build.0 = Release|Any CPU
	EndGlobalSection
	GlobalSection(SolutionProperties) = preSolution
		HideSolutionNode = FALSE
	EndGlobalSection
	GlobalSection(NestedProjects) = preSolution
		{968359FD-E8AC-4BB6-855D-BCD3F78EA9FA} = {137BA9C2-AB42-4EE8-AF85-F0D2B6A09005}
		{D6731AE6-8D18-4889-9B1D-40CC28CCD273} = {968359FD-E8AC-4BB6-855D-BCD3F78EA9FA}
		{5B1E2817-9463-48C5-B083-94CB89161EA3} = {818DD658-EF38-4EC9-9192-000D58FFA287}
		{ADB942CB-8FF7-4E8D-8ADF-AD621EE0C59E} = {818DD658-EF38-4EC9-9192-000D58FFA287}
		{B0F4B692-8515-47CC-817F-84506F959AFC} = {818DD658-EF38-4EC9-9192-000D58FFA287}
		{A0800D9E-08F4-49B6-B6FB-E2E295EDB0D2} = {137BA9C2-AB42-4EE8-AF85-F0D2B6A09005}
		{D6BB19F6-A793-4564-9283-355E0D6B6DD1} = {A0800D9E-08F4-49B6-B6FB-E2E295EDB0D2}
		{F2ADF165-2AFF-4C75-96AA-937ED014E1F6} = {D6BB19F6-A793-4564-9283-355E0D6B6DD1}
		{D9D31040-E02D-4A26-9C09-29012AF6E6C5} = {D6BB19F6-A793-4564-9283-355E0D6B6DD1}
		{944FDB03-657C-40D2-BF7E-7B0E3101317B} = {C868CF98-9AC6-4E3C-9512-77C073334368}
		{C868CF98-9AC6-4E3C-9512-77C073334368} = {D6BB19F6-A793-4564-9283-355E0D6B6DD1}
		{F56D71D5-F5D0-45B9-AFAE-BAB233229C23} = {968359FD-E8AC-4BB6-855D-BCD3F78EA9FA}
		{0E197324-318D-498C-A9E3-61AE964FA0D5} = {818DD658-EF38-4EC9-9192-000D58FFA287}
		{80E842B6-2B14-429F-97D5-29CB07EC276F} = {818DD658-EF38-4EC9-9192-000D58FFA287}
		{4BC3AC2D-84C7-4B9E-81FA-C01168FC72A1} = {968359FD-E8AC-4BB6-855D-BCD3F78EA9FA}
		{FBB4B0C3-C0CB-4E51-B4C9-5B35CE220F60} = {818DD658-EF38-4EC9-9192-000D58FFA287}
		{67D42C31-9FF5-47BD-B3EA-DC8AE79FB4DC} = {968359FD-E8AC-4BB6-855D-BCD3F78EA9FA}
		{11CE082D-9AA8-4A49-BF2A-C4BFA577A50C} = {968359FD-E8AC-4BB6-855D-BCD3F78EA9FA}
		{7BF2C304-C1FB-4FFF-935B-A029D06163E9} = {818DD658-EF38-4EC9-9192-000D58FFA287}
		{3947BBA1-CFD7-4408-8F48-8FCF255CD3AA} = {968359FD-E8AC-4BB6-855D-BCD3F78EA9FA}
		{B4329D16-ABA5-495C-B3A4-6B8B25732849} = {818DD658-EF38-4EC9-9192-000D58FFA287}
		{5CFB7C0E-4F21-4657-A26C-888B8679D2A6} = {968359FD-E8AC-4BB6-855D-BCD3F78EA9FA}
		{7BE99EA0-6F2F-4BD5-8FBF-4F429341D7E5} = {818DD658-EF38-4EC9-9192-000D58FFA287}
		{0564A426-5D14-434E-AB64-E1DB6D287256} = {968359FD-E8AC-4BB6-855D-BCD3F78EA9FA}
		{D0F3D70F-1D8F-4224-B770-A3DEB42206CF} = {818DD658-EF38-4EC9-9192-000D58FFA287}
		{50DC820E-A48B-4625-ACAB-7F93BFF87AF3} = {968359FD-E8AC-4BB6-855D-BCD3F78EA9FA}
		{868B4BE9-98E0-4E9E-9C22-CCD817415B3F} = {818DD658-EF38-4EC9-9192-000D58FFA287}
	EndGlobalSection
	GlobalSection(ExtensibilityGlobals) = postSolution
		SolutionGuid = {7C02048F-FD3D-413C-BF07-FD63D8B77511}
	EndGlobalSection
EndGlobal
