
Microsoft Visual Studio Solution File, Format Version 12.00
# Visual Studio 15
VisualStudioVersion = 15.0.27130.2027
MinimumVisualStudioVersion = 10.0.40219.1
Project("{2150E333-8FDC-42A3-9474-1A3956D46DE8}") = "assemblies", "assemblies", "{137BA9C2-AB42-4EE8-AF85-F0D2B6A09005}"
EndProject
Project("{2150E333-8FDC-42A3-9474-1A3956D46DE8}") = "logic", "logic", "{968359FD-E8AC-4BB6-855D-BCD3F78EA9FA}"
EndProject
Project("{2150E333-8FDC-42A3-9474-1A3956D46DE8}") = "tests", "tests", "{818DD658-EF38-4EC9-9192-000D58FFA287}"
EndProject
Project("{2150E333-8FDC-42A3-9474-1A3956D46DE8}") = "UI", "UI", "{A0800D9E-08F4-49B6-B6FB-E2E295EDB0D2}"
EndProject
Project("{2150E333-8FDC-42A3-9474-1A3956D46DE8}") = "WPF", "WPF", "{D6BB19F6-A793-4564-9283-355E0D6B6DD1}"
EndProject
Project("{2150E333-8FDC-42A3-9474-1A3956D46DE8}") = "Actions", "Actions", "{C868CF98-9AC6-4E3C-9512-77C073334368}"
EndProject
Project("{2150E333-8FDC-42A3-9474-1A3956D46DE8}") = "Console", "Console", "{2B79862A-3948-444D-AB3F-A2B0E9B050BE}"
EndProject
Project("{FAE04EC0-301F-11D3-BF4B-00C04F79EFBC}") = "FuzzyExpert.Core", "..\assemblies\logic\FuzzyExpert.Core\FuzzyExpert.Core.csproj", "{F391999C-8933-4B3C-947C-28FE6D116A9F}"
EndProject
Project("{FAE04EC0-301F-11D3-BF4B-00C04F79EFBC}") = "FuzzyExpert.Application", "..\assemblies\logic\FuzzyExpert.Application\FuzzyExpert.Application.csproj", "{16E3E7EA-9F3B-4701-A30C-6F52FC8DDB4B}"
EndProject
Project("{FAE04EC0-301F-11D3-BF4B-00C04F79EFBC}") = "FuzzyExpert.Infrastructure", "..\assemblies\logic\FuzzyExpert.Infrastructure\FuzzyExpert.Infrastructure.csproj", "{C82A3455-593B-416C-8056-9D89743F5257}"
EndProject
Project("{FAE04EC0-301F-11D3-BF4B-00C04F79EFBC}") = "FuzzyExpert.Base.UnitTests", "..\tests\FuzzyExpert.Base.UnitTests\FuzzyExpert.Base.UnitTests.csproj", "{94487AE9-F9E0-4468-AB8F-09A393BEF807}"
EndProject
Project("{FAE04EC0-301F-11D3-BF4B-00C04F79EFBC}") = "FuzzyExpert.Core.UnitTests", "..\tests\FuzzyExpert.Core.UnitTests\FuzzyExpert.Core.UnitTests.csproj", "{8C5C641C-89A6-4578-9517-AFD5F1571A36}"
EndProject
Project("{FAE04EC0-301F-11D3-BF4B-00C04F79EFBC}") = "FuzzyExpert.Application.UnitTests", "..\tests\FuzzyExpert.Application.UnitTests\FuzzyExpert.Application.UnitTests.csproj", "{83C972F1-2B6F-4553-9F45-575A119E6047}"
EndProject
Project("{FAE04EC0-301F-11D3-BF4B-00C04F79EFBC}") = "FuzzyExpert.Infrastructure.UnitTests", "..\tests\FuzzyExpert.Infrastructure.UnitTests\FuzzyExpert.Infrastructure.UnitTests.csproj", "{9EE1D1FB-7D89-4FD8-B662-F6907E5BFCC3}"
EndProject
Project("{FAE04EC0-301F-11D3-BF4B-00C04F79EFBC}") = "FuzzyExpert.IntegrationTests", "..\tests\FuzzyExpert.IntegrationTests\FuzzyExpert.IntegrationTests.csproj", "{CD1D4E42-EB6C-49AD-A00A-25B5DAD5CC81}"
EndProject
Project("{FAE04EC0-301F-11D3-BF4B-00C04F79EFBC}") = "FuzzyExpert.CommonUILogic", "..\assemblies\UI\FuzzyExpert.CommonUILogic\FuzzyExpert.CommonUILogic.csproj", "{B874082C-7FC3-4071-9F74-4C5FBEFE7635}"
EndProject
Project("{FAE04EC0-301F-11D3-BF4B-00C04F79EFBC}") = "FuzzyExpert.ConsoleClient", "..\assemblies\UI\Console\FuzzyExpert.ConsoleClient\FuzzyExpert.ConsoleClient.csproj", "{C66B1010-C29A-40CF-9378-53418E4F7481}"
EndProject
Project("{FAE04EC0-301F-11D3-BF4B-00C04F79EFBC}") = "FuzzyExpert.ImplicationRuleSelectorAction", "..\assemblies\UI\WPF\Actions\FuzzyExpert.ImplicationRuleSelectorAction\FuzzyExpert.ImplicationRuleSelectorAction.csproj", "{3495B356-9237-4F76-B6FB-688444850464}"
EndProject
Project("{FAE04EC0-301F-11D3-BF4B-00C04F79EFBC}") = "FuzzyExpert.WpfClient", "..\assemblies\UI\WPF\FuzzyExpert.WpfClient\FuzzyExpert.WpfClient.csproj", "{D9D31040-E02D-4A26-9C09-29012AF6E6C5}"
EndProject
Project("{FAE04EC0-301F-11D3-BF4B-00C04F79EFBC}") = "FuzzyExpert.Profiling", "..\assemblies\UI\WPF\Actions\FuzzyExpert.Profiling\FuzzyExpert.Profiling.csproj", "{81EAFE6D-36A6-4B28-A121-85BBABCDF5D3}"
EndProject
Project("{FAE04EC0-301F-11D3-BF4B-00C04F79EFBC}") = "FuzzyExpert.Inferencing", "..\assemblies\UI\WPF\Actions\FuzzyExpert.Inferencing\FuzzyExpert.Inferencing.csproj", "{33BC4540-18D7-4646-9F2F-8AA2E1899654}"
EndProject
Global
	GlobalSection(SolutionConfigurationPlatforms) = preSolution
		Debug|Any CPU = Debug|Any CPU
		Release|Any CPU = Release|Any CPU
	EndGlobalSection
	GlobalSection(ProjectConfigurationPlatforms) = postSolution
		{F391999C-8933-4B3C-947C-28FE6D116A9F}.Debug|Any CPU.ActiveCfg = Debug|Any CPU
		{F391999C-8933-4B3C-947C-28FE6D116A9F}.Debug|Any CPU.Build.0 = Debug|Any CPU
		{F391999C-8933-4B3C-947C-28FE6D116A9F}.Release|Any CPU.ActiveCfg = Release|Any CPU
		{F391999C-8933-4B3C-947C-28FE6D116A9F}.Release|Any CPU.Build.0 = Release|Any CPU
		{16E3E7EA-9F3B-4701-A30C-6F52FC8DDB4B}.Debug|Any CPU.ActiveCfg = Debug|Any CPU
		{16E3E7EA-9F3B-4701-A30C-6F52FC8DDB4B}.Debug|Any CPU.Build.0 = Debug|Any CPU
		{16E3E7EA-9F3B-4701-A30C-6F52FC8DDB4B}.Release|Any CPU.ActiveCfg = Release|Any CPU
		{16E3E7EA-9F3B-4701-A30C-6F52FC8DDB4B}.Release|Any CPU.Build.0 = Release|Any CPU
		{C82A3455-593B-416C-8056-9D89743F5257}.Debug|Any CPU.ActiveCfg = Debug|Any CPU
		{C82A3455-593B-416C-8056-9D89743F5257}.Debug|Any CPU.Build.0 = Debug|Any CPU
		{C82A3455-593B-416C-8056-9D89743F5257}.Release|Any CPU.ActiveCfg = Release|Any CPU
		{C82A3455-593B-416C-8056-9D89743F5257}.Release|Any CPU.Build.0 = Release|Any CPU
		{94487AE9-F9E0-4468-AB8F-09A393BEF807}.Debug|Any CPU.ActiveCfg = Debug|Any CPU
		{94487AE9-F9E0-4468-AB8F-09A393BEF807}.Debug|Any CPU.Build.0 = Debug|Any CPU
		{94487AE9-F9E0-4468-AB8F-09A393BEF807}.Release|Any CPU.ActiveCfg = Release|Any CPU
		{94487AE9-F9E0-4468-AB8F-09A393BEF807}.Release|Any CPU.Build.0 = Release|Any CPU
		{8C5C641C-89A6-4578-9517-AFD5F1571A36}.Debug|Any CPU.ActiveCfg = Debug|Any CPU
		{8C5C641C-89A6-4578-9517-AFD5F1571A36}.Debug|Any CPU.Build.0 = Debug|Any CPU
		{8C5C641C-89A6-4578-9517-AFD5F1571A36}.Release|Any CPU.ActiveCfg = Release|Any CPU
		{8C5C641C-89A6-4578-9517-AFD5F1571A36}.Release|Any CPU.Build.0 = Release|Any CPU
		{83C972F1-2B6F-4553-9F45-575A119E6047}.Debug|Any CPU.ActiveCfg = Debug|Any CPU
		{83C972F1-2B6F-4553-9F45-575A119E6047}.Debug|Any CPU.Build.0 = Debug|Any CPU
		{83C972F1-2B6F-4553-9F45-575A119E6047}.Release|Any CPU.ActiveCfg = Release|Any CPU
		{83C972F1-2B6F-4553-9F45-575A119E6047}.Release|Any CPU.Build.0 = Release|Any CPU
		{9EE1D1FB-7D89-4FD8-B662-F6907E5BFCC3}.Debug|Any CPU.ActiveCfg = Debug|Any CPU
		{9EE1D1FB-7D89-4FD8-B662-F6907E5BFCC3}.Debug|Any CPU.Build.0 = Debug|Any CPU
		{9EE1D1FB-7D89-4FD8-B662-F6907E5BFCC3}.Release|Any CPU.ActiveCfg = Release|Any CPU
		{9EE1D1FB-7D89-4FD8-B662-F6907E5BFCC3}.Release|Any CPU.Build.0 = Release|Any CPU
		{CD1D4E42-EB6C-49AD-A00A-25B5DAD5CC81}.Debug|Any CPU.ActiveCfg = Debug|Any CPU
		{CD1D4E42-EB6C-49AD-A00A-25B5DAD5CC81}.Debug|Any CPU.Build.0 = Debug|Any CPU
		{CD1D4E42-EB6C-49AD-A00A-25B5DAD5CC81}.Release|Any CPU.ActiveCfg = Release|Any CPU
		{CD1D4E42-EB6C-49AD-A00A-25B5DAD5CC81}.Release|Any CPU.Build.0 = Release|Any CPU
		{B874082C-7FC3-4071-9F74-4C5FBEFE7635}.Debug|Any CPU.ActiveCfg = Debug|Any CPU
		{B874082C-7FC3-4071-9F74-4C5FBEFE7635}.Debug|Any CPU.Build.0 = Debug|Any CPU
		{B874082C-7FC3-4071-9F74-4C5FBEFE7635}.Release|Any CPU.ActiveCfg = Release|Any CPU
		{B874082C-7FC3-4071-9F74-4C5FBEFE7635}.Release|Any CPU.Build.0 = Release|Any CPU
		{C66B1010-C29A-40CF-9378-53418E4F7481}.Debug|Any CPU.ActiveCfg = Debug|Any CPU
		{C66B1010-C29A-40CF-9378-53418E4F7481}.Debug|Any CPU.Build.0 = Debug|Any CPU
		{C66B1010-C29A-40CF-9378-53418E4F7481}.Release|Any CPU.ActiveCfg = Release|Any CPU
		{C66B1010-C29A-40CF-9378-53418E4F7481}.Release|Any CPU.Build.0 = Release|Any CPU
		{3495B356-9237-4F76-B6FB-688444850464}.Debug|Any CPU.ActiveCfg = Debug|Any CPU
		{3495B356-9237-4F76-B6FB-688444850464}.Debug|Any CPU.Build.0 = Debug|Any CPU
		{3495B356-9237-4F76-B6FB-688444850464}.Release|Any CPU.ActiveCfg = Release|Any CPU
		{3495B356-9237-4F76-B6FB-688444850464}.Release|Any CPU.Build.0 = Release|Any CPU
		{D9D31040-E02D-4A26-9C09-29012AF6E6C5}.Debug|Any CPU.ActiveCfg = Debug|Any CPU
		{D9D31040-E02D-4A26-9C09-29012AF6E6C5}.Debug|Any CPU.Build.0 = Debug|Any CPU
		{D9D31040-E02D-4A26-9C09-29012AF6E6C5}.Release|Any CPU.ActiveCfg = Release|Any CPU
		{D9D31040-E02D-4A26-9C09-29012AF6E6C5}.Release|Any CPU.Build.0 = Release|Any CPU
		{81EAFE6D-36A6-4B28-A121-85BBABCDF5D3}.Debug|Any CPU.ActiveCfg = Debug|Any CPU
		{81EAFE6D-36A6-4B28-A121-85BBABCDF5D3}.Debug|Any CPU.Build.0 = Debug|Any CPU
		{81EAFE6D-36A6-4B28-A121-85BBABCDF5D3}.Release|Any CPU.ActiveCfg = Release|Any CPU
		{81EAFE6D-36A6-4B28-A121-85BBABCDF5D3}.Release|Any CPU.Build.0 = Release|Any CPU
		{33BC4540-18D7-4646-9F2F-8AA2E1899654}.Debug|Any CPU.ActiveCfg = Debug|Any CPU
		{33BC4540-18D7-4646-9F2F-8AA2E1899654}.Debug|Any CPU.Build.0 = Debug|Any CPU
		{33BC4540-18D7-4646-9F2F-8AA2E1899654}.Release|Any CPU.ActiveCfg = Release|Any CPU
		{33BC4540-18D7-4646-9F2F-8AA2E1899654}.Release|Any CPU.Build.0 = Release|Any CPU
	EndGlobalSection
	GlobalSection(SolutionProperties) = preSolution
		HideSolutionNode = FALSE
	EndGlobalSection
	GlobalSection(NestedProjects) = preSolution
		{968359FD-E8AC-4BB6-855D-BCD3F78EA9FA} = {137BA9C2-AB42-4EE8-AF85-F0D2B6A09005}
		{A0800D9E-08F4-49B6-B6FB-E2E295EDB0D2} = {137BA9C2-AB42-4EE8-AF85-F0D2B6A09005}
		{D6BB19F6-A793-4564-9283-355E0D6B6DD1} = {A0800D9E-08F4-49B6-B6FB-E2E295EDB0D2}
		{C868CF98-9AC6-4E3C-9512-77C073334368} = {D6BB19F6-A793-4564-9283-355E0D6B6DD1}
		{2B79862A-3948-444D-AB3F-A2B0E9B050BE} = {A0800D9E-08F4-49B6-B6FB-E2E295EDB0D2}
		{F391999C-8933-4B3C-947C-28FE6D116A9F} = {968359FD-E8AC-4BB6-855D-BCD3F78EA9FA}
		{16E3E7EA-9F3B-4701-A30C-6F52FC8DDB4B} = {968359FD-E8AC-4BB6-855D-BCD3F78EA9FA}
		{C82A3455-593B-416C-8056-9D89743F5257} = {968359FD-E8AC-4BB6-855D-BCD3F78EA9FA}
		{94487AE9-F9E0-4468-AB8F-09A393BEF807} = {818DD658-EF38-4EC9-9192-000D58FFA287}
		{8C5C641C-89A6-4578-9517-AFD5F1571A36} = {818DD658-EF38-4EC9-9192-000D58FFA287}
		{83C972F1-2B6F-4553-9F45-575A119E6047} = {818DD658-EF38-4EC9-9192-000D58FFA287}
		{9EE1D1FB-7D89-4FD8-B662-F6907E5BFCC3} = {818DD658-EF38-4EC9-9192-000D58FFA287}
		{CD1D4E42-EB6C-49AD-A00A-25B5DAD5CC81} = {818DD658-EF38-4EC9-9192-000D58FFA287}
		{B874082C-7FC3-4071-9F74-4C5FBEFE7635} = {A0800D9E-08F4-49B6-B6FB-E2E295EDB0D2}
		{C66B1010-C29A-40CF-9378-53418E4F7481} = {2B79862A-3948-444D-AB3F-A2B0E9B050BE}
		{3495B356-9237-4F76-B6FB-688444850464} = {C868CF98-9AC6-4E3C-9512-77C073334368}
		{D9D31040-E02D-4A26-9C09-29012AF6E6C5} = {D6BB19F6-A793-4564-9283-355E0D6B6DD1}
		{81EAFE6D-36A6-4B28-A121-85BBABCDF5D3} = {C868CF98-9AC6-4E3C-9512-77C073334368}
		{33BC4540-18D7-4646-9F2F-8AA2E1899654} = {C868CF98-9AC6-4E3C-9512-77C073334368}
	EndGlobalSection
	GlobalSection(ExtensibilityGlobals) = postSolution
		SolutionGuid = {7C02048F-FD3D-413C-BF07-FD63D8B77511}
	EndGlobalSection
EndGlobal
